
Microsoft Visual Studio Solution File, Format Version 12.00
# Visual Studio Version 16
VisualStudioVersion = 16.0.30523.141
MinimumVisualStudioVersion = 10.0.40219.1
Project("{FAE04EC0-301F-11D3-BF4B-00C04F79EFBC}") = "TVLICT201.JSONReader.Windows", "TVLICT201.JSONReader.Windows\TVLICT201.JSONReader.Windows.csproj", "{442E4206-4618-48B1-953F-F66EC458AEEE}"
EndProject
Global
	GlobalSection(SolutionConfigurationPlatforms) = preSolution
		Debug|Any CPU = Debug|Any CPU
		Release|Any CPU = Release|Any CPU
	EndGlobalSection
	GlobalSection(ProjectConfigurationPlatforms) = postSolution
		{442E4206-4618-48B1-953F-F66EC458AEEE}.Debug|Any CPU.ActiveCfg = Debug|Any CPU
		{442E4206-4618-48B1-953F-F66EC458AEEE}.Debug|Any CPU.Build.0 = Debug|Any CPU
		{442E4206-4618-48B1-953F-F66EC458AEEE}.Release|Any CPU.ActiveCfg = Release|Any CPU
		{442E4206-4618-48B1-953F-F66EC458AEEE}.Release|Any CPU.Build.0 = Release|Any CPU
	EndGlobalSection
	GlobalSection(SolutionProperties) = preSolution
		HideSolutionNode = FALSE
	EndGlobalSection
	GlobalSection(ExtensibilityGlobals) = postSolution
		SolutionGuid = {845D8339-DE70-4CD5-89A9-A1EA687C27E2}
	EndGlobalSection
EndGlobal
